
Microsoft Visual Studio Solution File, Format Version 12.00
# Visual Studio Version 17
VisualStudioVersion = 17.4.33205.214
MinimumVisualStudioVersion = 10.0.40219.1
Project("{9A19103F-16F7-4668-BE54-9A1E7A4F7556}") = "DomainStorm.Project.MJIB.Web.Tests", "..\DomainStorm.Project.MJIB.Web.Tests\DomainStorm.Project.MJIB.Web.Tests.csproj", "{89131CFA-C410-461C-8168-D9C14A478BDD}"
EndProject
Global
	GlobalSection(SolutionConfigurationPlatforms) = preSolution
		Debug|Any CPU = Debug|Any CPU
		Release|Any CPU = Release|Any CPU
	EndGlobalSection
	GlobalSection(ProjectConfigurationPlatforms) = postSolution
		{89131CFA-C410-461C-8168-D9C14A478BDD}.Debug|Any CPU.ActiveCfg = Debug|Any CPU
		{89131CFA-C410-461C-8168-D9C14A478BDD}.Debug|Any CPU.Build.0 = Debug|Any CPU
		{89131CFA-C410-461C-8168-D9C14A478BDD}.Release|Any CPU.ActiveCfg = Release|Any CPU
		{89131CFA-C410-461C-8168-D9C14A478BDD}.Release|Any CPU.Build.0 = Release|Any CPU
	EndGlobalSection
	GlobalSection(SolutionProperties) = preSolution
		HideSolutionNode = FALSE
	EndGlobalSection
	GlobalSection(ExtensibilityGlobals) = postSolution
		SolutionGuid = {213B9134-DFF4-4FC7-8B19-5B272503BC55}
	EndGlobalSection
EndGlobal
